
Microsoft Visual Studio Solution File, Format Version 12.00
# Visual Studio Version 17
VisualStudioVersion = 17.6.33829.357
MinimumVisualStudioVersion = 10.0.40219.1
Project("{9A19103F-16F7-4668-BE54-9A1E7A4F7556}") = "Implement--jQueryDatatableAndAsp.NetMVC", "DataTableJQuery\Implement--jQueryDatatableAndAsp.NetMVC.csproj", "{267DB2D6-7A9D-4C12-A20C-FB68DA72DB4D}"
EndProject
Global
	GlobalSection(SolutionConfigurationPlatforms) = preSolution
		Debug|Any CPU = Debug|Any CPU
		Release|Any CPU = Release|Any CPU
	EndGlobalSection
	GlobalSection(ProjectConfigurationPlatforms) = postSolution
		{267DB2D6-7A9D-4C12-A20C-FB68DA72DB4D}.Debug|Any CPU.ActiveCfg = Debug|Any CPU
		{267DB2D6-7A9D-4C12-A20C-FB68DA72DB4D}.Debug|Any CPU.Build.0 = Debug|Any CPU
		{267DB2D6-7A9D-4C12-A20C-FB68DA72DB4D}.Release|Any CPU.ActiveCfg = Release|Any CPU
		{267DB2D6-7A9D-4C12-A20C-FB68DA72DB4D}.Release|Any CPU.Build.0 = Release|Any CPU
	EndGlobalSection
	GlobalSection(SolutionProperties) = preSolution
		HideSolutionNode = FALSE
	EndGlobalSection
	GlobalSection(ExtensibilityGlobals) = postSolution
		SolutionGuid = {2A3FACA6-D85D-4D2E-BB9A-2561DEDDBEEE}
	EndGlobalSection
EndGlobal
